// !$*UTF8*$!
{
	archiveVersion = 1;
	classes = {
	};
	objectVersion = 46;
	objects = {

/* Begin PBXBuildFile section */
		8B03DAFB160C5DD50070B8B0 /* UIKit.framework in Frameworks */ = {isa = PBXBuildFile; fileRef = 8B03DAFA160C5DD50070B8B0 /* UIKit.framework */; };
		8B03DAFD160C5DD50070B8B0 /* Foundation.framework in Frameworks */ = {isa = PBXBuildFile; fileRef = 8B03DAFC160C5DD50070B8B0 /* Foundation.framework */; };
		8B03DAFF160C5DD50070B8B0 /* CoreGraphics.framework in Frameworks */ = {isa = PBXBuildFile; fileRef = 8B03DAFE160C5DD50070B8B0 /* CoreGraphics.framework */; };
		8B03DB05160C5DD50070B8B0 /* InfoPlist.strings in Resources */ = {isa = PBXBuildFile; fileRef = 8B03DB03160C5DD50070B8B0 /* InfoPlist.strings */; };
		8B03DB07160C5DD50070B8B0 /* main.m in Sources */ = {isa = PBXBuildFile; fileRef = 8B03DB06160C5DD50070B8B0 /* main.m */; };
		8B03DB0B160C5DD50070B8B0 /* DMAppDelegate.m in Sources */ = {isa = PBXBuildFile; fileRef = 8B03DB0A160C5DD50070B8B0 /* DMAppDelegate.m */; };
		8B03DB0D160C5DD50070B8B0 /* Default.png in Resources */ = {isa = PBXBuildFile; fileRef = 8B03DB0C160C5DD50070B8B0 /* Default.png */; };
		8B03DB0F160C5DD50070B8B0 /* Default@2x.png in Resources */ = {isa = PBXBuildFile; fileRef = 8B03DB0E160C5DD50070B8B0 /* Default@2x.png */; };
		8B03DB11160C5DD50070B8B0 /* Default-568h@2x.png in Resources */ = {isa = PBXBuildFile; fileRef = 8B03DB10160C5DD50070B8B0 /* Default-568h@2x.png */; };
		8B03DB14160C5DD50070B8B0 /* DMAIDemoViewController.m in Sources */ = {isa = PBXBuildFile; fileRef = 8B03DB13160C5DD50070B8B0 /* DMAIDemoViewController.m */; };
		8B03DB17160C5DD50070B8B0 /* DMAIDemoViewController_iPhone.xib in Resources */ = {isa = PBXBuildFile; fileRef = 8B03DB15160C5DD50070B8B0 /* DMAIDemoViewController_iPhone.xib */; };
		8B03DB1A160C5DD50070B8B0 /* DMAIDemoViewController_iPad.xib in Resources */ = {isa = PBXBuildFile; fileRef = 8B03DB18160C5DD50070B8B0 /* DMAIDemoViewController_iPad.xib */; };
		8B03DB21160C5F380070B8B0 /* example.png in Resources */ = {isa = PBXBuildFile; fileRef = 8B03DB20160C5F380070B8B0 /* example.png */; };
		8B03DB24160C62700070B8B0 /* DMActivityInstagram.m in Sources */ = {isa = PBXBuildFile; fileRef = 8B03DB23160C62700070B8B0 /* DMActivityInstagram.m */; };
		8B03DB2C160C6CEC0070B8B0 /* DMResizerViewController.m in Sources */ = {isa = PBXBuildFile; fileRef = 8B03DB2A160C6CEC0070B8B0 /* DMResizerViewController.m */; };
		8B03DB2D160C6CEC0070B8B0 /* DMResizerViewController.xib in Resources */ = {isa = PBXBuildFile; fileRef = 8B03DB2B160C6CEC0070B8B0 /* DMResizerViewController.xib */; };
		8BCB71D61621029300063B83 /* example_square.png in Resources */ = {isa = PBXBuildFile; fileRef = 8BCB71D51621029300063B83 /* example_square.png */; };
		8BD3FCC117F10C7E001155D6 /* DMColorPickerView.m in Sources */ = {isa = PBXBuildFile; fileRef = 8BD3FCC017F10C7E001155D6 /* DMColorPickerView.m */; };
		8BD3FCCD17F11299001155D6 /* space@2x.jpg in Resources */ = {isa = PBXBuildFile; fileRef = 8BD3FCC317F11299001155D6 /* space@2x.jpg */; };
		8BD3FCCE17F11299001155D6 /* camo@2x.png in Resources */ = {isa = PBXBuildFile; fileRef = 8BD3FCC417F11299001155D6 /* camo@2x.png */; };
		8BD3FCCF17F11299001155D6 /* bigtiger@2x.jpg in Resources */ = {isa = PBXBuildFile; fileRef = 8BD3FCC517F11299001155D6 /* bigtiger@2x.jpg */; };
		8BD3FCD017F11299001155D6 /* edited@2x.jpg in Resources */ = {isa = PBXBuildFile; fileRef = 8BD3FCC617F11299001155D6 /* edited@2x.jpg */; };
		8BD3FCD117F11299001155D6 /* purple-td@2x.jpg in Resources */ = {isa = PBXBuildFile; fileRef = 8BD3FCC717F11299001155D6 /* purple-td@2x.jpg */; };
		8BD3FCD317F11299001155D6 /* blue-td@2x.jpg in Resources */ = {isa = PBXBuildFile; fileRef = 8BD3FCC917F11299001155D6 /* blue-td@2x.jpg */; };
		8BD3FCD417F11299001155D6 /* dark-td@2x.jpg in Resources */ = {isa = PBXBuildFile; fileRef = 8BD3FCCA17F11299001155D6 /* dark-td@2x.jpg */; };
		8BD3FCD517F11299001155D6 /* charlie-brown@2x.jpg in Resources */ = {isa = PBXBuildFile; fileRef = 8BD3FCCB17F11299001155D6 /* charlie-brown@2x.jpg */; };
		8BD3FCD617F11299001155D6 /* wood@2x.jpg in Resources */ = {isa = PBXBuildFile; fileRef = 8BD3FCCC17F11299001155D6 /* wood@2x.jpg */; };
		8BD3FCD817F11DBC001155D6 /* knit2@2x.jpg in Resources */ = {isa = PBXBuildFile; fileRef = 8BD3FCD717F11DBC001155D6 /* knit2@2x.jpg */; };
		8BFEBF99160C774900A4A213 /* instagram.png in Resources */ = {isa = PBXBuildFile; fileRef = 8BFEBF95160C774900A4A213 /* instagram.png */; };
		8BFEBF9A160C774900A4A213 /* instagram@2x.png in Resources */ = {isa = PBXBuildFile; fileRef = 8BFEBF96160C774900A4A213 /* instagram@2x.png */; };
		8BFEBF9B160C774900A4A213 /* instagram~ipad.png in Resources */ = {isa = PBXBuildFile; fileRef = 8BFEBF97160C774900A4A213 /* instagram~ipad.png */; };
		8BFEBF9C160C774900A4A213 /* instagram~ipad@2x.png in Resources */ = {isa = PBXBuildFile; fileRef = 8BFEBF98160C774900A4A213 /* instagram~ipad@2x.png */; };
/* End PBXBuildFile section */

/* Begin PBXFileReference section */
		8B03DAF6160C5DD50070B8B0 /* DMAI Demo.app */ = {isa = PBXFileReference; explicitFileType = wrapper.application; includeInIndex = 0; path = "DMAI Demo.app"; sourceTree = BUILT_PRODUCTS_DIR; };
		8B03DAFA160C5DD50070B8B0 /* UIKit.framework */ = {isa = PBXFileReference; lastKnownFileType = wrapper.framework; name = UIKit.framework; path = System/Library/Frameworks/UIKit.framework; sourceTree = SDKROOT; };
		8B03DAFC160C5DD50070B8B0 /* Foundation.framework */ = {isa = PBXFileReference; lastKnownFileType = wrapper.framework; name = Foundation.framework; path = System/Library/Frameworks/Foundation.framework; sourceTree = SDKROOT; };
		8B03DAFE160C5DD50070B8B0 /* CoreGraphics.framework */ = {isa = PBXFileReference; lastKnownFileType = wrapper.framework; name = CoreGraphics.framework; path = System/Library/Frameworks/CoreGraphics.framework; sourceTree = SDKROOT; };
		8B03DB02160C5DD50070B8B0 /* DMActivityInstagram-Info.plist */ = {isa = PBXFileReference; lastKnownFileType = text.plist.xml; path = "DMActivityInstagram-Info.plist"; sourceTree = "<group>"; };
		8B03DB04160C5DD50070B8B0 /* en */ = {isa = PBXFileReference; lastKnownFileType = text.plist.strings; name = en; path = en.lproj/InfoPlist.strings; sourceTree = "<group>"; };
		8B03DB06160C5DD50070B8B0 /* main.m */ = {isa = PBXFileReference; lastKnownFileType = sourcecode.c.objc; path = main.m; sourceTree = "<group>"; };
		8B03DB08160C5DD50070B8B0 /* DMActivityInstagram-Prefix.pch */ = {isa = PBXFileReference; lastKnownFileType = sourcecode.c.h; path = "DMActivityInstagram-Prefix.pch"; sourceTree = "<group>"; };
		8B03DB09160C5DD50070B8B0 /* DMAppDelegate.h */ = {isa = PBXFileReference; lastKnownFileType = sourcecode.c.h; path = DMAppDelegate.h; sourceTree = "<group>"; };
		8B03DB0A160C5DD50070B8B0 /* DMAppDelegate.m */ = {isa = PBXFileReference; lastKnownFileType = sourcecode.c.objc; path = DMAppDelegate.m; sourceTree = "<group>"; };
		8B03DB0C160C5DD50070B8B0 /* Default.png */ = {isa = PBXFileReference; lastKnownFileType = image.png; path = Default.png; sourceTree = "<group>"; };
		8B03DB0E160C5DD50070B8B0 /* Default@2x.png */ = {isa = PBXFileReference; lastKnownFileType = image.png; path = "Default@2x.png"; sourceTree = "<group>"; };
		8B03DB10160C5DD50070B8B0 /* Default-568h@2x.png */ = {isa = PBXFileReference; lastKnownFileType = image.png; path = "Default-568h@2x.png"; sourceTree = "<group>"; };
		8B03DB12160C5DD50070B8B0 /* DMAIDemoViewController.h */ = {isa = PBXFileReference; lastKnownFileType = sourcecode.c.h; path = DMAIDemoViewController.h; sourceTree = "<group>"; };
		8B03DB13160C5DD50070B8B0 /* DMAIDemoViewController.m */ = {isa = PBXFileReference; lastKnownFileType = sourcecode.c.objc; path = DMAIDemoViewController.m; sourceTree = "<group>"; };
		8B03DB16160C5DD50070B8B0 /* en */ = {isa = PBXFileReference; lastKnownFileType = file.xib; name = en; path = en.lproj/DMAIDemoViewController_iPhone.xib; sourceTree = "<group>"; };
		8B03DB19160C5DD50070B8B0 /* en */ = {isa = PBXFileReference; lastKnownFileType = file.xib; name = en; path = en.lproj/DMAIDemoViewController_iPad.xib; sourceTree = "<group>"; };
		8B03DB20160C5F380070B8B0 /* example.png */ = {isa = PBXFileReference; lastKnownFileType = image.png; path = example.png; sourceTree = "<group>"; };
		8B03DB22160C62700070B8B0 /* DMActivityInstagram.h */ = {isa = PBXFileReference; fileEncoding = 4; lastKnownFileType = sourcecode.c.h; path = DMActivityInstagram.h; sourceTree = "<group>"; };
		8B03DB23160C62700070B8B0 /* DMActivityInstagram.m */ = {isa = PBXFileReference; fileEncoding = 4; lastKnownFileType = sourcecode.c.objc; path = DMActivityInstagram.m; sourceTree = "<group>"; };
		8B03DB29160C6CEC0070B8B0 /* DMResizerViewController.h */ = {isa = PBXFileReference; fileEncoding = 4; lastKnownFileType = sourcecode.c.h; path = DMResizerViewController.h; sourceTree = "<group>"; };
		8B03DB2A160C6CEC0070B8B0 /* DMResizerViewController.m */ = {isa = PBXFileReference; fileEncoding = 4; lastKnownFileType = sourcecode.c.objc; path = DMResizerViewController.m; sourceTree = "<group>"; };
		8B03DB2B160C6CEC0070B8B0 /* DMResizerViewController.xib */ = {isa = PBXFileReference; fileEncoding = 4; lastKnownFileType = file.xib; path = DMResizerViewController.xib; sourceTree = "<group>"; };
		8BCB71D51621029300063B83 /* example_square.png */ = {isa = PBXFileReference; lastKnownFileType = image.png; path = example_square.png; sourceTree = "<group>"; };
		8BD3FCBF17F10C7E001155D6 /* DMColorPickerView.h */ = {isa = PBXFileReference; fileEncoding = 4; lastKnownFileType = sourcecode.c.h; path = DMColorPickerView.h; sourceTree = "<group>"; };
		8BD3FCC017F10C7E001155D6 /* DMColorPickerView.m */ = {isa = PBXFileReference; fileEncoding = 4; lastKnownFileType = sourcecode.c.objc; path = DMColorPickerView.m; sourceTree = "<group>"; };
		8BD3FCC317F11299001155D6 /* space@2x.jpg */ = {isa = PBXFileReference; lastKnownFileType = image.jpeg; path = "space@2x.jpg"; sourceTree = "<group>"; };
		8BD3FCC417F11299001155D6 /* camo@2x.png */ = {isa = PBXFileReference; lastKnownFileType = image.png; path = "camo@2x.png"; sourceTree = "<group>"; };
		8BD3FCC517F11299001155D6 /* bigtiger@2x.jpg */ = {isa = PBXFileReference; lastKnownFileType = image.jpeg; path = "bigtiger@2x.jpg"; sourceTree = "<group>"; };
		8BD3FCC617F11299001155D6 /* edited@2x.jpg */ = {isa = PBXFileReference; lastKnownFileType = image.jpeg; path = "edited@2x.jpg"; sourceTree = "<group>"; };
		8BD3FCC717F11299001155D6 /* purple-td@2x.jpg */ = {isa = PBXFileReference; lastKnownFileType = image.jpeg; path = "purple-td@2x.jpg"; sourceTree = "<group>"; };
		8BD3FCC917F11299001155D6 /* blue-td@2x.jpg */ = {isa = PBXFileReference; lastKnownFileType = image.jpeg; path = "blue-td@2x.jpg"; sourceTree = "<group>"; };
		8BD3FCCA17F11299001155D6 /* dark-td@2x.jpg */ = {isa = PBXFileReference; lastKnownFileType = image.jpeg; path = "dark-td@2x.jpg"; sourceTree = "<group>"; };
		8BD3FCCB17F11299001155D6 /* charlie-brown@2x.jpg */ = {isa = PBXFileReference; lastKnownFileType = image.jpeg; path = "charlie-brown@2x.jpg"; sourceTree = "<group>"; };
		8BD3FCCC17F11299001155D6 /* wood@2x.jpg */ = {isa = PBXFileReference; lastKnownFileType = image.jpeg; path = "wood@2x.jpg"; sourceTree = "<group>"; };
		8BD3FCD717F11DBC001155D6 /* knit2@2x.jpg */ = {isa = PBXFileReference; lastKnownFileType = image.jpeg; path = "knit2@2x.jpg"; sourceTree = "<group>"; };
		8BFEBF95160C774900A4A213 /* instagram.png */ = {isa = PBXFileReference; lastKnownFileType = image.png; path = instagram.png; sourceTree = "<group>"; };
		8BFEBF96160C774900A4A213 /* instagram@2x.png */ = {isa = PBXFileReference; lastKnownFileType = image.png; path = "instagram@2x.png"; sourceTree = "<group>"; };
		8BFEBF97160C774900A4A213 /* instagram~ipad.png */ = {isa = PBXFileReference; lastKnownFileType = image.png; path = "instagram~ipad.png"; sourceTree = "<group>"; };
		8BFEBF98160C774900A4A213 /* instagram~ipad@2x.png */ = {isa = PBXFileReference; lastKnownFileType = image.png; path = "instagram~ipad@2x.png"; sourceTree = "<group>"; };
/* End PBXFileReference section */

/* Begin PBXFrameworksBuildPhase section */
		8B03DAF3160C5DD50070B8B0 /* Frameworks */ = {
			isa = PBXFrameworksBuildPhase;
			buildActionMask = 2147483647;
			files = (
				8B03DAFB160C5DD50070B8B0 /* UIKit.framework in Frameworks */,
				8B03DAFD160C5DD50070B8B0 /* Foundation.framework in Frameworks */,
				8B03DAFF160C5DD50070B8B0 /* CoreGraphics.framework in Frameworks */,
			);
			runOnlyForDeploymentPostprocessing = 0;
		};
/* End PBXFrameworksBuildPhase section */

/* Begin PBXGroup section */
		8B03DAEB160C5DD50070B8B0 = {
			isa = PBXGroup;
			children = (
				8B03DB00160C5DD50070B8B0 /* DMActivityInstagram */,
				8B03DAF9160C5DD50070B8B0 /* Frameworks */,
				8B03DAF7160C5DD50070B8B0 /* Products */,
			);
			sourceTree = "<group>";
		};
		8B03DAF7160C5DD50070B8B0 /* Products */ = {
			isa = PBXGroup;
			children = (
				8B03DAF6160C5DD50070B8B0 /* DMAI Demo.app */,
			);
			name = Products;
			sourceTree = "<group>";
		};
		8B03DAF9160C5DD50070B8B0 /* Frameworks */ = {
			isa = PBXGroup;
			children = (
				8B03DAFA160C5DD50070B8B0 /* UIKit.framework */,
				8B03DAFC160C5DD50070B8B0 /* Foundation.framework */,
				8B03DAFE160C5DD50070B8B0 /* CoreGraphics.framework */,
			);
			name = Frameworks;
			sourceTree = "<group>";
		};
		8B03DB00160C5DD50070B8B0 /* DMActivityInstagram */ = {
			isa = PBXGroup;
			children = (
				8B03DB09160C5DD50070B8B0 /* DMAppDelegate.h */,
				8B03DB0A160C5DD50070B8B0 /* DMAppDelegate.m */,
				8B03DB12160C5DD50070B8B0 /* DMAIDemoViewController.h */,
				8B03DB13160C5DD50070B8B0 /* DMAIDemoViewController.m */,
				8B03DB22160C62700070B8B0 /* DMActivityInstagram.h */,
				8B03DB23160C62700070B8B0 /* DMActivityInstagram.m */,
				8B03DB29160C6CEC0070B8B0 /* DMResizerViewController.h */,
				8B03DB2A160C6CEC0070B8B0 /* DMResizerViewController.m */,
				8BD3FCBF17F10C7E001155D6 /* DMColorPickerView.h */,
				8BD3FCC017F10C7E001155D6 /* DMColorPickerView.m */,
				8B03DB2B160C6CEC0070B8B0 /* DMResizerViewController.xib */,
				8B03DB15160C5DD50070B8B0 /* DMAIDemoViewController_iPhone.xib */,
				8B03DB18160C5DD50070B8B0 /* DMAIDemoViewController_iPad.xib */,
				8BD3FCC217F11299001155D6 /* bgs */,
				8BFEBF9D160C776000A4A213 /* Images */,
				8B03DB01160C5DD50070B8B0 /* Supporting Files */,
			);
			path = DMActivityInstagram;
			sourceTree = "<group>";
		};
		8B03DB01160C5DD50070B8B0 /* Supporting Files */ = {
			isa = PBXGroup;
			children = (
				8B03DB02160C5DD50070B8B0 /* DMActivityInstagram-Info.plist */,
				8B03DB03160C5DD50070B8B0 /* InfoPlist.strings */,
				8B03DB06160C5DD50070B8B0 /* main.m */,
				8B03DB08160C5DD50070B8B0 /* DMActivityInstagram-Prefix.pch */,
				8B03DB0C160C5DD50070B8B0 /* Default.png */,
				8B03DB0E160C5DD50070B8B0 /* Default@2x.png */,
				8B03DB10160C5DD50070B8B0 /* Default-568h@2x.png */,
			);
			name = "Supporting Files";
			sourceTree = "<group>";
		};
		8BD3FCC217F11299001155D6 /* bgs */ = {
			isa = PBXGroup;
			children = (
				8BD3FCD717F11DBC001155D6 /* knit2@2x.jpg */,
				8BD3FCC317F11299001155D6 /* space@2x.jpg */,
				8BD3FCC417F11299001155D6 /* camo@2x.png */,
				8BD3FCC517F11299001155D6 /* bigtiger@2x.jpg */,
				8BD3FCC617F11299001155D6 /* edited@2x.jpg */,
				8BD3FCC717F11299001155D6 /* purple-td@2x.jpg */,
				8BD3FCC917F11299001155D6 /* blue-td@2x.jpg */,
				8BD3FCCA17F11299001155D6 /* dark-td@2x.jpg */,
				8BD3FCCB17F11299001155D6 /* charlie-brown@2x.jpg */,
				8BD3FCCC17F11299001155D6 /* wood@2x.jpg */,
			);
			path = bgs;
			sourceTree = "<group>";
		};
		8BFEBF9D160C776000A4A213 /* Images */ = {
			isa = PBXGroup;
			children = (
				8BFEBF95160C774900A4A213 /* instagram.png */,
				8BFEBF96160C774900A4A213 /* instagram@2x.png */,
				8BFEBF97160C774900A4A213 /* instagram~ipad.png */,
				8BFEBF98160C774900A4A213 /* instagram~ipad@2x.png */,
				8B03DB20160C5F380070B8B0 /* example.png */,
				8BCB71D51621029300063B83 /* example_square.png */,
			);
			name = Images;
			sourceTree = "<group>";
		};
/* End PBXGroup section */

/* Begin PBXNativeTarget section */
		8B03DAF5160C5DD50070B8B0 /* DMAI Demo */ = {
			isa = PBXNativeTarget;
			buildConfigurationList = 8B03DB1D160C5DD50070B8B0 /* Build configuration list for PBXNativeTarget "DMAI Demo" */;
			buildPhases = (
				8B03DAF2160C5DD50070B8B0 /* Sources */,
				8B03DAF3160C5DD50070B8B0 /* Frameworks */,
				8B03DAF4160C5DD50070B8B0 /* Resources */,
			);
			buildRules = (
			);
			dependencies = (
			);
			name = "DMAI Demo";
			productName = DMActivityInstagram;
			productReference = 8B03DAF6160C5DD50070B8B0 /* DMAI Demo.app */;
			productType = "com.apple.product-type.application";
		};
/* End PBXNativeTarget section */

/* Begin PBXProject section */
		8B03DAED160C5DD50070B8B0 /* Project object */ = {
			isa = PBXProject;
			attributes = {
				CLASSPREFIX = DM;
				LastUpgradeCheck = 0450;
				ORGANIZATIONNAME = "Cory Alder";
			};
			buildConfigurationList = 8B03DAF0160C5DD50070B8B0 /* Build configuration list for PBXProject "DMActivityInstagram" */;
			compatibilityVersion = "Xcode 3.2";
			developmentRegion = English;
			hasScannedForEncodings = 0;
			knownRegions = (
				en,
			);
			mainGroup = 8B03DAEB160C5DD50070B8B0;
			productRefGroup = 8B03DAF7160C5DD50070B8B0 /* Products */;
			projectDirPath = "";
			projectRoot = "";
			targets = (
				8B03DAF5160C5DD50070B8B0 /* DMAI Demo */,
			);
		};
/* End PBXProject section */

/* Begin PBXResourcesBuildPhase section */
		8B03DAF4160C5DD50070B8B0 /* Resources */ = {
			isa = PBXResourcesBuildPhase;
			buildActionMask = 2147483647;
			files = (
				8BD3FCD317F11299001155D6 /* blue-td@2x.jpg in Resources */,
				8BD3FCCD17F11299001155D6 /* space@2x.jpg in Resources */,
				8B03DB05160C5DD50070B8B0 /* InfoPlist.strings in Resources */,
				8B03DB0D160C5DD50070B8B0 /* Default.png in Resources */,
				8BD3FCD517F11299001155D6 /* charlie-brown@2x.jpg in Resources */,
				8B03DB0F160C5DD50070B8B0 /* Default@2x.png in Resources */,
				8B03DB11160C5DD50070B8B0 /* Default-568h@2x.png in Resources */,
				8B03DB17160C5DD50070B8B0 /* DMAIDemoViewController_iPhone.xib in Resources */,
				8BD3FCD117F11299001155D6 /* purple-td@2x.jpg in Resources */,
				8B03DB1A160C5DD50070B8B0 /* DMAIDemoViewController_iPad.xib in Resources */,
				8B03DB21160C5F380070B8B0 /* example.png in Resources */,
				8BD3FCCF17F11299001155D6 /* bigtiger@2x.jpg in Resources */,
				8B03DB2D160C6CEC0070B8B0 /* DMResizerViewController.xib in Resources */,
				8BFEBF99160C774900A4A213 /* instagram.png in Resources */,
				8BFEBF9A160C774900A4A213 /* instagram@2x.png in Resources */,
				8BD3FCD417F11299001155D6 /* dark-td@2x.jpg in Resources */,
				8BD3FCCE17F11299001155D6 /* camo@2x.png in Resources */,
				8BFEBF9B160C774900A4A213 /* instagram~ipad.png in Resources */,
				8BFEBF9C160C774900A4A213 /* instagram~ipad@2x.png in Resources */,
				8BCB71D61621029300063B83 /* example_square.png in Resources */,
				8BD3FCD817F11DBC001155D6 /* knit2@2x.jpg in Resources */,
				8BD3FCD017F11299001155D6 /* edited@2x.jpg in Resources */,
				8BD3FCD617F11299001155D6 /* wood@2x.jpg in Resources */,
			);
			runOnlyForDeploymentPostprocessing = 0;
		};
/* End PBXResourcesBuildPhase section */

/* Begin PBXSourcesBuildPhase section */
		8B03DAF2160C5DD50070B8B0 /* Sources */ = {
			isa = PBXSourcesBuildPhase;
			buildActionMask = 2147483647;
			files = (
				8B03DB07160C5DD50070B8B0 /* main.m in Sources */,
				8B03DB0B160C5DD50070B8B0 /* DMAppDelegate.m in Sources */,
				8B03DB14160C5DD50070B8B0 /* DMAIDemoViewController.m in Sources */,
				8B03DB24160C62700070B8B0 /* DMActivityInstagram.m in Sources */,
				8B03DB2C160C6CEC0070B8B0 /* DMResizerViewController.m in Sources */,
				8BD3FCC117F10C7E001155D6 /* DMColorPickerView.m in Sources */,
			);
			runOnlyForDeploymentPostprocessing = 0;
		};
/* End PBXSourcesBuildPhase section */

/* Begin PBXVariantGroup section */
		8B03DB03160C5DD50070B8B0 /* InfoPlist.strings */ = {
			isa = PBXVariantGroup;
			children = (
				8B03DB04160C5DD50070B8B0 /* en */,
			);
			name = InfoPlist.strings;
			sourceTree = "<group>";
		};
		8B03DB15160C5DD50070B8B0 /* DMAIDemoViewController_iPhone.xib */ = {
			isa = PBXVariantGroup;
			children = (
				8B03DB16160C5DD50070B8B0 /* en */,
			);
			name = DMAIDemoViewController_iPhone.xib;
			sourceTree = "<group>";
		};
		8B03DB18160C5DD50070B8B0 /* DMAIDemoViewController_iPad.xib */ = {
			isa = PBXVariantGroup;
			children = (
				8B03DB19160C5DD50070B8B0 /* en */,
			);
			name = DMAIDemoViewController_iPad.xib;
			sourceTree = "<group>";
		};
/* End PBXVariantGroup section */

/* Begin XCBuildConfiguration section */
		8B03DB1B160C5DD50070B8B0 /* Debug */ = {
			isa = XCBuildConfiguration;
			buildSettings = {
				ALWAYS_SEARCH_USER_PATHS = NO;
				CLANG_CXX_LANGUAGE_STANDARD = "gnu++0x";
				CLANG_CXX_LIBRARY = "libc++";
				CLANG_ENABLE_OBJC_ARC = YES;
				CLANG_WARN_EMPTY_BODY = YES;
				CLANG_WARN__DUPLICATE_METHOD_MATCH = YES;
				"CODE_SIGN_IDENTITY[sdk=iphoneos*]" = "iPhone Developer";
				COPY_PHASE_STRIP = NO;
				GCC_C_LANGUAGE_STANDARD = gnu99;
				GCC_DYNAMIC_NO_PIC = NO;
				GCC_OPTIMIZATION_LEVEL = 0;
				GCC_PREPROCESSOR_DEFINITIONS = (
					"DEBUG=1",
					"$(inherited)",
				);
				GCC_SYMBOLS_PRIVATE_EXTERN = NO;
				GCC_WARN_ABOUT_RETURN_TYPE = YES;
				GCC_WARN_UNINITIALIZED_AUTOS = YES;
				GCC_WARN_UNUSED_VARIABLE = YES;
				IPHONEOS_DEPLOYMENT_TARGET = 6.0;
				SDKROOT = iphoneos;
				TARGETED_DEVICE_FAMILY = "1,2";
			};
			name = Debug;
		};
		8B03DB1C160C5DD50070B8B0 /* Release */ = {
			isa = XCBuildConfiguration;
			buildSettings = {
				ALWAYS_SEARCH_USER_PATHS = NO;
				CLANG_CXX_LANGUAGE_STANDARD = "gnu++0x";
				CLANG_CXX_LIBRARY = "libc++";
				CLANG_ENABLE_OBJC_ARC = YES;
				CLANG_WARN_EMPTY_BODY = YES;
				CLANG_WARN__DUPLICATE_METHOD_MATCH = YES;
				"CODE_SIGN_IDENTITY[sdk=iphoneos*]" = "iPhone Developer";
				COPY_PHASE_STRIP = YES;
				GCC_C_LANGUAGE_STANDARD = gnu99;
				GCC_WARN_ABOUT_RETURN_TYPE = YES;
				GCC_WARN_UNINITIALIZED_AUTOS = YES;
				GCC_WARN_UNUSED_VARIABLE = YES;
				IPHONEOS_DEPLOYMENT_TARGET = 6.0;
				OTHER_CFLAGS = "-DNS_BLOCK_ASSERTIONS=1";
				SDKROOT = iphoneos;
				TARGETED_DEVICE_FAMILY = "1,2";
				VALIDATE_PRODUCT = YES;
			};
			name = Release;
		};
		8B03DB1E160C5DD50070B8B0 /* Debug */ = {
			isa = XCBuildConfiguration;
			buildSettings = {
				CODE_SIGN_IDENTITY = "iPhone Developer";
				"CODE_SIGN_IDENTITY[sdk=iphoneos*]" = "iPhone Developer";
				GCC_PRECOMPILE_PREFIX_HEADER = YES;
				GCC_PREFIX_HEADER = "DMActivityInstagram/DMActivityInstagram-Prefix.pch";
				INFOPLIST_FILE = "DMActivityInstagram/DMActivityInstagram-Info.plist";
				PRODUCT_NAME = "$(TARGET_NAME)";
				PROVISIONING_PROFILE = "";
				"PROVISIONING_PROFILE[sdk=iphoneos*]" = "";
				WRAPPER_EXTENSION = app;
			};
			name = Debug;
		};
		8B03DB1F160C5DD50070B8B0 /* Release */ = {
			isa = XCBuildConfiguration;
			buildSettings = {
				GCC_PRECOMPILE_PREFIX_HEADER = YES;
				GCC_PREFIX_HEADER = "DMActivityInstagram/DMActivityInstagram-Prefix.pch";
				INFOPLIST_FILE = "DMActivityInstagram/DMActivityInstagram-Info.plist";
				PRODUCT_NAME = "$(TARGET_NAME)";
				WRAPPER_EXTENSION = app;
			};
			name = Release;
		};
/* End XCBuildConfiguration section */

/* Begin XCConfigurationList section */
		8B03DAF0160C5DD50070B8B0 /* Build configuration list for PBXProject "DMActivityInstagram" */ = {
			isa = XCConfigurationList;
			buildConfigurations = (
				8B03DB1B160C5DD50070B8B0 /* Debug */,
				8B03DB1C160C5DD50070B8B0 /* Release */,
			);
			defaultConfigurationIsVisible = 0;
			defaultConfigurationName = Release;
		};
		8B03DB1D160C5DD50070B8B0 /* Build configuration list for PBXNativeTarget "DMAI Demo" */ = {
			isa = XCConfigurationList;
			buildConfigurations = (
				8B03DB1E160C5DD50070B8B0 /* Debug */,
				8B03DB1F160C5DD50070B8B0 /* Release */,
			);
			defaultConfigurationIsVisible = 0;
			defaultConfigurationName = Release;
		};
/* End XCConfigurationList section */
	};
	rootObject = 8B03DAED160C5DD50070B8B0 /* Project object */;
}
